// !$*UTF8*$!
{
	archiveVersion = 1;
	classes = {
	};
	objectVersion = 46;
	objects = {

/* Begin PBXBuildFile section */
		2204C82415E282BB00F71E15 /* ECPWPane.h in Headers */ = {isa = PBXBuildFile; fileRef = 2204C7E815E282BB00F71E15 /* ECPWPane.h */; settings = {ATTRIBUTES = (Public, ); }; };
		2204C82515E282BB00F71E15 /* ECPWPane.m in Sources */ = {isa = PBXBuildFile; fileRef = 2204C7E915E282BB00F71E15 /* ECPWPane.m */; };
		2204C82715E282BB00F71E15 /* ECPWController.h in Headers */ = {isa = PBXBuildFile; fileRef = 2204C7EB15E282BB00F71E15 /* ECPWController.h */; settings = {ATTRIBUTES = (Public, ); }; };
		2204C82815E282BB00F71E15 /* ECPWController.m in Sources */ = {isa = PBXBuildFile; fileRef = 2204C7EC15E282BB00F71E15 /* ECPWController.m */; };
		220A160C17710C9D00173510 /* ECUnitTests.framework in Frameworks */ = {isa = PBXBuildFile; fileRef = 220A160B17710C9D00173510 /* ECUnitTests.framework */; };
		2260A3A015DFE6860057C9DA /* ECPreferencesWindow.framework in Frameworks */ = {isa = PBXBuildFile; fileRef = 2260A2E915DFD7290057C9DA /* ECPreferencesWindow.framework */; };
		22D45A5E16C15C9B00BA9A9B /* ECLogging.framework in Frameworks */ = {isa = PBXBuildFile; fileRef = 22D45A5B16C15C9B00BA9A9B /* ECLogging.framework */; };
		22D45A6016C15CBE00BA9A9B /* Cocoa.framework in Frameworks */ = {isa = PBXBuildFile; fileRef = 22D45A5F16C15CBE00BA9A9B /* Cocoa.framework */; };
		22E60DB616C0063800C988C9 /* ECPreferencesWindow.h in Headers */ = {isa = PBXBuildFile; fileRef = 22E60DB516C0063800C988C9 /* ECPreferencesWindow.h */; settings = {ATTRIBUTES = (Public, ); }; };
		22E60DF616C1243300C988C9 /* ECPWBundle.h in Headers */ = {isa = PBXBuildFile; fileRef = 22E60DCB16C01C5E00C988C9 /* ECPWBundle.h */; settings = {ATTRIBUTES = (Public, ); }; };
		22E60E0716C12F0500C988C9 /* ECPWBundle.m in Sources */ = {isa = PBXBuildFile; fileRef = 22E60E0616C12F0500C988C9 /* ECPWBundle.m */; };
		22ECE86C16DC008F00F9C782 /* Test.bundle in Resources */ = {isa = PBXBuildFile; fileRef = 22ECE86B16DC008F00F9C782 /* Test.bundle */; };
		22ECE87616DC09E300F9C782 /* ECPreferencesWindowTests.m in Sources */ = {isa = PBXBuildFile; fileRef = 22ECE87516DC09E300F9C782 /* ECPreferencesWindowTests.m */; };
		22ECE87716DC0A1A00F9C782 /* ECLogging.framework in Frameworks */ = {isa = PBXBuildFile; fileRef = 22D45A5B16C15C9B00BA9A9B /* ECLogging.framework */; };
/* End PBXBuildFile section */

/* Begin PBXContainerItemProxy section */
		2260A3C315DFF7370057C9DA /* PBXContainerItemProxy */ = {
			isa = PBXContainerItemProxy;
			containerPortal = 0867D690FE84028FC02AAC07 /* Project object */;
			proxyType = 1;
			remoteGlobalIDString = 2260A2E815DFD7290057C9DA;
			remoteInfo = ECCoreMac;
		};
/* End PBXContainerItemProxy section */

/* Begin PBXFileReference section */
		2204C7E815E282BB00F71E15 /* ECPWPane.h */ = {isa = PBXFileReference; fileEncoding = 4; lastKnownFileType = sourcecode.c.h; path = ECPWPane.h; sourceTree = "<group>"; };
		2204C7E915E282BB00F71E15 /* ECPWPane.m */ = {isa = PBXFileReference; fileEncoding = 4; lastKnownFileType = sourcecode.c.objc; path = ECPWPane.m; sourceTree = "<group>"; };
		2204C7EB15E282BB00F71E15 /* ECPWController.h */ = {isa = PBXFileReference; fileEncoding = 4; lastKnownFileType = sourcecode.c.h; path = ECPWController.h; sourceTree = "<group>"; };
		2204C7EC15E282BB00F71E15 /* ECPWController.m */ = {isa = PBXFileReference; fileEncoding = 4; lastKnownFileType = sourcecode.c.objc; path = ECPWController.m; sourceTree = "<group>"; };
		220A160B17710C9D00173510 /* ECUnitTests.framework */ = {isa = PBXFileReference; lastKnownFileType = wrapper.framework; path = ECUnitTests.framework; sourceTree = BUILT_PRODUCTS_DIR; };
		2260A2E915DFD7290057C9DA /* ECPreferencesWindow.framework */ = {isa = PBXFileReference; explicitFileType = wrapper.framework; includeInIndex = 0; path = ECPreferencesWindow.framework; sourceTree = BUILT_PRODUCTS_DIR; };
		2260A31015DFD96D0057C9DA /* MacDebug.xcconfig */ = {isa = PBXFileReference; lastKnownFileType = text.xcconfig; path = MacDebug.xcconfig; sourceTree = "<group>"; };
		2260A31115DFD96D0057C9DA /* MacRelease.xcconfig */ = {isa = PBXFileReference; lastKnownFileType = text.xcconfig; path = MacRelease.xcconfig; sourceTree = "<group>"; };
		2260A31215DFD96D0057C9DA /* MacUnitTestDebug.xcconfig */ = {isa = PBXFileReference; lastKnownFileType = text.xcconfig; path = MacUnitTestDebug.xcconfig; sourceTree = "<group>"; };
		2260A31315DFD96D0057C9DA /* MacUnitTestRelease.xcconfig */ = {isa = PBXFileReference; lastKnownFileType = text.xcconfig; path = MacUnitTestRelease.xcconfig; sourceTree = "<group>"; };
		2260A39615DFDC600057C9DA /* Shared.xcconfig */ = {isa = PBXFileReference; lastKnownFileType = text.xcconfig; path = Shared.xcconfig; sourceTree = "<group>"; };
		2260A3AC15DFEF4F0057C9DA /* Info.plist */ = {isa = PBXFileReference; lastKnownFileType = text.plist.xml; name = Info.plist; path = Resources/Info.plist; sourceTree = SOURCE_ROOT; };
		22728A66124A240500A9881F /* ECPreferencesWindowDebug.pch */ = {isa = PBXFileReference; fileEncoding = 4; lastKnownFileType = sourcecode.c.h; path = ECPreferencesWindowDebug.pch; sourceTree = "<group>"; };
		22728A67124A240500A9881F /* ECPreferencesWindowRelease.pch */ = {isa = PBXFileReference; fileEncoding = 4; lastKnownFileType = sourcecode.c.h; path = ECPreferencesWindowRelease.pch; sourceTree = "<group>"; };
		22728A68124A240500A9881F /* ECPreferencesWindowShared.pch */ = {isa = PBXFileReference; fileEncoding = 4; lastKnownFileType = sourcecode.c.h; path = ECPreferencesWindowShared.pch; sourceTree = "<group>"; };
		2283A3F514F52EC0009142F7 /* ECPreferencesWindowTests.xctest */ = {isa = PBXFileReference; explicitFileType = wrapper.cfbundle; includeInIndex = 0; path = ECPreferencesWindowTests.xctest; sourceTree = BUILT_PRODUCTS_DIR; };
		22C2DB5D14FB9ADC005D2E89 /* Test.bundle */ = {isa = PBXFileReference; lastKnownFileType = "wrapper.plug-in"; name = Test.bundle; path = ../ECUnitTests/Resources/Test.bundle; sourceTree = SOURCE_ROOT; };
		22D45A5B16C15C9B00BA9A9B /* ECLogging.framework */ = {isa = PBXFileReference; lastKnownFileType = wrapper.framework; path = ECLogging.framework; sourceTree = BUILT_PRODUCTS_DIR; };
		22D45A5F16C15CBE00BA9A9B /* Cocoa.framework */ = {isa = PBXFileReference; lastKnownFileType = wrapper.framework; name = Cocoa.framework; path = Platforms/MacOSX.platform/Developer/SDKs/MacOSX10.8.sdk/System/Library/Frameworks/Cocoa.framework; sourceTree = DEVELOPER_DIR; };
		22E60DB516C0063800C988C9 /* ECPreferencesWindow.h */ = {isa = PBXFileReference; fileEncoding = 4; lastKnownFileType = sourcecode.c.h; path = ECPreferencesWindow.h; sourceTree = "<group>"; };
		22E60DC516C00DFB00C988C9 /* README.md */ = {isa = PBXFileReference; lastKnownFileType = text; path = README.md; sourceTree = "<group>"; };
		22E60DCB16C01C5E00C988C9 /* ECPWBundle.h */ = {isa = PBXFileReference; lastKnownFileType = sourcecode.c.h; path = ECPWBundle.h; sourceTree = "<group>"; };
		22E60E0616C12F0500C988C9 /* ECPWBundle.m */ = {isa = PBXFileReference; fileEncoding = 4; lastKnownFileType = sourcecode.c.objc; path = ECPWBundle.m; sourceTree = "<group>"; };
		22E60E0816C143B600C988C9 /* ECPWBundle.xcconfig */ = {isa = PBXFileReference; fileEncoding = 4; lastKnownFileType = text.xcconfig; path = ECPWBundle.xcconfig; sourceTree = "<group>"; };
		22ECE86B16DC008F00F9C782 /* Test.bundle */ = {isa = PBXFileReference; lastKnownFileType = "wrapper.plug-in"; name = Test.bundle; path = ../../ECLogging/Resources/Test.bundle; sourceTree = "<group>"; };
		22ECE87116DC09BE00F9C782 /* ECPreferencesWindowTests.plist */ = {isa = PBXFileReference; lastKnownFileType = text.plist.xml; path = ECPreferencesWindowTests.plist; sourceTree = "<group>"; };
		22ECE87516DC09E300F9C782 /* ECPreferencesWindowTests.m */ = {isa = PBXFileReference; fileEncoding = 4; lastKnownFileType = sourcecode.c.objc; path = ECPreferencesWindowTests.m; sourceTree = "<group>"; };
/* End PBXFileReference section */

/* Begin PBXFrameworksBuildPhase section */
		2260A2E515DFD7290057C9DA /* Frameworks */ = {
			isa = PBXFrameworksBuildPhase;
			buildActionMask = 2147483647;
			files = (
				22D45A6016C15CBE00BA9A9B /* Cocoa.framework in Frameworks */,
				22D45A5E16C15C9B00BA9A9B /* ECLogging.framework in Frameworks */,
			);
			runOnlyForDeploymentPostprocessing = 0;
		};
		2283A3F114F52EC0009142F7 /* Frameworks */ = {
			isa = PBXFrameworksBuildPhase;
			buildActionMask = 2147483647;
			files = (
				220A160C17710C9D00173510 /* ECUnitTests.framework in Frameworks */,
				22ECE87716DC0A1A00F9C782 /* ECLogging.framework in Frameworks */,
				2260A3A015DFE6860057C9DA /* ECPreferencesWindow.framework in Frameworks */,
			);
			runOnlyForDeploymentPostprocessing = 0;
		};
/* End PBXFrameworksBuildPhase section */

/* Begin PBXGroup section */
		034768DFFF38A50411DB9C8B /* Products */ = {
			isa = PBXGroup;
			children = (
				2283A3F514F52EC0009142F7 /* ECPreferencesWindowTests.xctest */,
				2260A2E915DFD7290057C9DA /* ECPreferencesWindow.framework */,
			);
			name = Products;
			sourceTree = "<group>";
		};
		0867D691FE84028FC02AAC07 /* ECFoundation */ = {
			isa = PBXGroup;
			children = (
				22E60DC516C00DFB00C988C9 /* README.md */,
				2260A30B15DFD8FB0057C9DA /* Source */,
				22ECE87016DC094500F9C782 /* Tests */,
				089C1665FE841158C02AAC07 /* Resources */,
				0867D69AFE84028FC02AAC07 /* Frameworks */,
				034768DFFF38A50411DB9C8B /* Products */,
			);
			name = ECFoundation;
			sourceTree = "<group>";
			usesTabs = 1;
		};
		0867D69AFE84028FC02AAC07 /* Frameworks */ = {
			isa = PBXGroup;
			children = (
				220A160B17710C9D00173510 /* ECUnitTests.framework */,
				22D45A5F16C15CBE00BA9A9B /* Cocoa.framework */,
				22D45A5B16C15C9B00BA9A9B /* ECLogging.framework */,
			);
			name = Frameworks;
			sourceTree = "<group>";
		};
		089C1665FE841158C02AAC07 /* Resources */ = {
			isa = PBXGroup;
			children = (
				2260A3AC15DFEF4F0057C9DA /* Info.plist */,
				223CBAFB1205C7680008A641 /* tests */,
			);
			path = Resources;
			sourceTree = "<group>";
		};
		2210B5D41152E630006C6CCA /* Configuration */ = {
			isa = PBXGroup;
			children = (
				2260A31015DFD96D0057C9DA /* MacDebug.xcconfig */,
				2260A31115DFD96D0057C9DA /* MacRelease.xcconfig */,
				2260A31215DFD96D0057C9DA /* MacUnitTestDebug.xcconfig */,
				2260A31315DFD96D0057C9DA /* MacUnitTestRelease.xcconfig */,
				2260A39615DFDC600057C9DA /* Shared.xcconfig */,
				22E60E0816C143B600C988C9 /* ECPWBundle.xcconfig */,
			);
			path = Configuration;
			sourceTree = "<group>";
		};
		223CBAFB1205C7680008A641 /* tests */ = {
			isa = PBXGroup;
			children = (
				22C2DB5D14FB9ADC005D2E89 /* Test.bundle */,
			);
			name = tests;
			path = resources/tests;
			sourceTree = "<group>";
		};
		2260A30B15DFD8FB0057C9DA /* Source */ = {
			isa = PBXGroup;
			children = (
				22ECE87416DC09E300F9C782 /* Tests */,
				2210B5D41152E630006C6CCA /* Configuration */,
				22CA557F13DA09FF007E89E2 /* Mac */,
				22728A64124A240500A9881F /* Prefix */,
			);
			path = Source;
			sourceTree = "<group>";
		};
		22728A64124A240500A9881F /* Prefix */ = {
			isa = PBXGroup;
			children = (
				22728A66124A240500A9881F /* ECPreferencesWindowDebug.pch */,
				22728A67124A240500A9881F /* ECPreferencesWindowRelease.pch */,
				22728A68124A240500A9881F /* ECPreferencesWindowShared.pch */,
			);
			path = Prefix;
			sourceTree = "<group>";
		};
		22CA557F13DA09FF007E89E2 /* Mac */ = {
			isa = PBXGroup;
			children = (
				22E60DB516C0063800C988C9 /* ECPreferencesWindow.h */,
				2204C7E815E282BB00F71E15 /* ECPWPane.h */,
				2204C7E915E282BB00F71E15 /* ECPWPane.m */,
				2204C7EB15E282BB00F71E15 /* ECPWController.h */,
				2204C7EC15E282BB00F71E15 /* ECPWController.m */,
				22E60DCB16C01C5E00C988C9 /* ECPWBundle.h */,
				22E60E0616C12F0500C988C9 /* ECPWBundle.m */,
			);
			path = Mac;
			sourceTree = "<group>";
		};
		22ECE87016DC094500F9C782 /* Tests */ = {
			isa = PBXGroup;
			children = (
				22ECE87116DC09BE00F9C782 /* ECPreferencesWindowTests.plist */,
				22ECE86B16DC008F00F9C782 /* Test.bundle */,
			);
			name = Tests;
			path = Resources;
			sourceTree = "<group>";
		};
		22ECE87416DC09E300F9C782 /* Tests */ = {
			isa = PBXGroup;
			children = (
				22ECE87516DC09E300F9C782 /* ECPreferencesWindowTests.m */,
			);
			path = Tests;
			sourceTree = "<group>";
		};
/* End PBXGroup section */

/* Begin PBXHeadersBuildPhase section */
		2260A2E615DFD7290057C9DA /* Headers */ = {
			isa = PBXHeadersBuildPhase;
			buildActionMask = 2147483647;
			files = (
				2204C82415E282BB00F71E15 /* ECPWPane.h in Headers */,
				2204C82715E282BB00F71E15 /* ECPWController.h in Headers */,
				22E60DB616C0063800C988C9 /* ECPreferencesWindow.h in Headers */,
				22E60DF616C1243300C988C9 /* ECPWBundle.h in Headers */,
			);
			runOnlyForDeploymentPostprocessing = 0;
		};
/* End PBXHeadersBuildPhase section */

/* Begin PBXNativeTarget section */
		2260A2E815DFD7290057C9DA /* ECPreferencesWindowMac */ = {
			isa = PBXNativeTarget;
			buildConfigurationList = 2260A2F515DFD7290057C9DA /* Build configuration list for PBXNativeTarget "ECPreferencesWindowMac" */;
			buildPhases = (
				2260A2E415DFD7290057C9DA /* Sources */,
				2260A2E515DFD7290057C9DA /* Frameworks */,
				2260A2E615DFD7290057C9DA /* Headers */,
				2260A2E715DFD7290057C9DA /* Resources */,
			);
			buildRules = (
			);
			dependencies = (
			);
			name = ECPreferencesWindowMac;
			productName = MacFramework;
			productReference = 2260A2E915DFD7290057C9DA /* ECPreferencesWindow.framework */;
			productType = "com.apple.product-type.framework";
		};
		2283A3F414F52EC0009142F7 /* ECPreferencesWindowTests */ = {
			isa = PBXNativeTarget;
			buildConfigurationList = 2283A40814F52EC0009142F7 /* Build configuration list for PBXNativeTarget "ECPreferencesWindowTests" */;
			buildPhases = (
				2283A3F014F52EC0009142F7 /* Sources */,
				2283A3F114F52EC0009142F7 /* Frameworks */,
				2283A3F214F52EC0009142F7 /* Resources */,
				2283A3F314F52EC0009142F7 /* ShellScript */,
			);
			buildRules = (
			);
			dependencies = (
				2260A3C415DFF7370057C9DA /* PBXTargetDependency */,
			);
			name = ECPreferencesWindowTests;
			productName = libECCoreMacTests;
			productReference = 2283A3F514F52EC0009142F7 /* ECPreferencesWindowTests.xctest */;
			productType = "com.apple.product-type.bundle";
		};
/* End PBXNativeTarget section */

/* Begin PBXProject section */
		0867D690FE84028FC02AAC07 /* Project object */ = {
			isa = PBXProject;
			attributes = {
				LastUpgradeCheck = 0500;
				ORGANIZATIONNAME = "Elegant Chaos";
			};
			buildConfigurationList = 1DEB91B108733DA50010E9CD /* Build configuration list for PBXProject "ECPreferencesWindow" */;
			compatibilityVersion = "Xcode 3.2";
			developmentRegion = English;
			hasScannedForEncodings = 1;
			knownRegions = (
				English,
				Japanese,
				French,
				German,
				en,
				ec,
			);
			mainGroup = 0867D691FE84028FC02AAC07 /* ECFoundation */;
			productRefGroup = 034768DFFF38A50411DB9C8B /* Products */;
			projectDirPath = "";
			projectRoot = "";
			targets = (
				2260A2E815DFD7290057C9DA /* ECPreferencesWindowMac */,
				2283A3F414F52EC0009142F7 /* ECPreferencesWindowTests */,
			);
		};
/* End PBXProject section */

/* Begin PBXResourcesBuildPhase section */
		2260A2E715DFD7290057C9DA /* Resources */ = {
			isa = PBXResourcesBuildPhase;
			buildActionMask = 2147483647;
			files = (
			);
			runOnlyForDeploymentPostprocessing = 0;
		};
		2283A3F214F52EC0009142F7 /* Resources */ = {
			isa = PBXResourcesBuildPhase;
			buildActionMask = 2147483647;
			files = (
				22ECE86C16DC008F00F9C782 /* Test.bundle in Resources */,
			);
			runOnlyForDeploymentPostprocessing = 0;
		};
/* End PBXResourcesBuildPhase section */

/* Begin PBXShellScriptBuildPhase section */
		2283A3F314F52EC0009142F7 /* ShellScript */ = {
			isa = PBXShellScriptBuildPhase;
			buildActionMask = 2147483647;
			files = (
			);
			inputPaths = (
			);
			outputPaths = (
			);
			runOnlyForDeploymentPostprocessing = 0;
			shellPath = /bin/sh;
			shellScript = "# Run the unit tests in this test bundle.\n\"${SYSTEM_DEVELOPER_DIR}/Tools/RunUnitTests\"\n";
		};
/* End PBXShellScriptBuildPhase section */

/* Begin PBXSourcesBuildPhase section */
		2260A2E415DFD7290057C9DA /* Sources */ = {
			isa = PBXSourcesBuildPhase;
			buildActionMask = 2147483647;
			files = (
				2204C82515E282BB00F71E15 /* ECPWPane.m in Sources */,
				2204C82815E282BB00F71E15 /* ECPWController.m in Sources */,
				22E60E0716C12F0500C988C9 /* ECPWBundle.m in Sources */,
			);
			runOnlyForDeploymentPostprocessing = 0;
		};
		2283A3F014F52EC0009142F7 /* Sources */ = {
			isa = PBXSourcesBuildPhase;
			buildActionMask = 2147483647;
			files = (
				22ECE87616DC09E300F9C782 /* ECPreferencesWindowTests.m in Sources */,
			);
			runOnlyForDeploymentPostprocessing = 0;
		};
/* End PBXSourcesBuildPhase section */

/* Begin PBXTargetDependency section */
		2260A3C415DFF7370057C9DA /* PBXTargetDependency */ = {
			isa = PBXTargetDependency;
			target = 2260A2E815DFD7290057C9DA /* ECPreferencesWindowMac */;
			targetProxy = 2260A3C315DFF7370057C9DA /* PBXContainerItemProxy */;
		};
/* End PBXTargetDependency section */

/* Begin XCBuildConfiguration section */
		1DEB91B208733DA50010E9CD /* Debug */ = {
			isa = XCBuildConfiguration;
			buildSettings = {
				ONLY_ACTIVE_ARCH = YES;
			};
			name = Debug;
		};
		1DEB91B308733DA50010E9CD /* Release */ = {
			isa = XCBuildConfiguration;
			buildSettings = {
			};
			name = Release;
		};
		2260A2F615DFD7290057C9DA /* Debug */ = {
			isa = XCBuildConfiguration;
			baseConfigurationReference = 2260A31015DFD96D0057C9DA /* MacDebug.xcconfig */;
			buildSettings = {
				COMBINE_HIDPI_IMAGES = YES;
				GCC_PREFIX_HEADER = "Source/Prefix/$(PRODUCT_NAME)$(CONFIGURATION).pch";
			};
			name = Debug;
		};
		2260A2F715DFD7290057C9DA /* Release */ = {
			isa = XCBuildConfiguration;
			baseConfigurationReference = 2260A31115DFD96D0057C9DA /* MacRelease.xcconfig */;
			buildSettings = {
				COMBINE_HIDPI_IMAGES = YES;
				GCC_PREFIX_HEADER = "Source/Prefix/$(PRODUCT_NAME)$(CONFIGURATION).pch";
			};
			name = Release;
		};
		2283A40914F52EC0009142F7 /* Debug */ = {
			isa = XCBuildConfiguration;
			baseConfigurationReference = 2260A31215DFD96D0057C9DA /* MacUnitTestDebug.xcconfig */;
			buildSettings = {
				COMBINE_HIDPI_IMAGES = YES;
				OTHER_LDFLAGS = (
					"-all_load",
					"-ObjC",
				);
			};
			name = Debug;
		};
		2283A40A14F52EC0009142F7 /* Release */ = {
			isa = XCBuildConfiguration;
			baseConfigurationReference = 2260A31315DFD96D0057C9DA /* MacUnitTestRelease.xcconfig */;
			buildSettings = {
				COMBINE_HIDPI_IMAGES = YES;
				OTHER_LDFLAGS = (
					"-all_load",
					"-ObjC",
				);
			};
			name = Release;
		};
/* End XCBuildConfiguration section */

/* Begin XCConfigurationList section */
		1DEB91B108733DA50010E9CD /* Build configuration list for PBXProject "ECPreferencesWindow" */ = {
			isa = XCConfigurationList;
			buildConfigurations = (
				1DEB91B208733DA50010E9CD /* Debug */,
				1DEB91B308733DA50010E9CD /* Release */,
			);
			defaultConfigurationIsVisible = 0;
			defaultConfigurationName = Release;
		};
		2260A2F515DFD7290057C9DA /* Build configuration list for PBXNativeTarget "ECPreferencesWindowMac" */ = {
			isa = XCConfigurationList;
			buildConfigurations = (
				2260A2F615DFD7290057C9DA /* Debug */,
				2260A2F715DFD7290057C9DA /* Release */,
			);
			defaultConfigurationIsVisible = 0;
			defaultConfigurationName = Release;
		};
		2283A40814F52EC0009142F7 /* Build configuration list for PBXNativeTarget "ECPreferencesWindowTests" */ = {
			isa = XCConfigurationList;
			buildConfigurations = (
				2283A40914F52EC0009142F7 /* Debug */,
				2283A40A14F52EC0009142F7 /* Release */,
			);
			defaultConfigurationIsVisible = 0;
			defaultConfigurationName = Release;
		};
/* End XCConfigurationList section */
	};
	rootObject = 0867D690FE84028FC02AAC07 /* Project object */;
}
